{
    "_readme": [
        "This file locks the dependencies of your project to a known state",
        "Read more about it at https://getcomposer.org/doc/01-basic-usage.md#installing-dependencies",
        "This file is @generated automatically"
    ],
    "content-hash": "b2ea2245a9ccd5089a408bb9b764779e",
    "packages": [
        {
            "name": "bcosca/fatfree-core",
            "version": "3.8.2",
            "source": {
                "type": "git",
                "url": "https://github.com/f3-factory/fatfree-core.git",
                "reference": "774692ce7698904d3cb35bbd4f79376bb17eeddc"
            },
            "dist": {
                "type": "zip",
                "url": "https://api.github.com/repos/f3-factory/fatfree-core/zipball/774692ce7698904d3cb35bbd4f79376bb17eeddc",
                "reference": "774692ce7698904d3cb35bbd4f79376bb17eeddc",
                "shasum": ""
            },
            "require": {
                "php": ">=5.4"
            },
            "type": "library",
            "autoload": {
                "classmap": [
                    "."
                ]
            },
            "notification-url": "https://packagist.org/downloads/",
            "license": [
                "GPL-3.0"
            ],
            "description": "A powerful yet easy-to-use PHP micro-framework designed to help you build dynamic and robust Web applications - fast!",
            "homepage": "http://fatfreeframework.com/",
            "support": {
                "issues": "https://github.com/f3-factory/fatfree-core/issues",
                "source": "https://github.com/f3-factory/fatfree-core/tree/3.8.2"
            },
            "time": "2023-07-23T22:11:30+00:00"
        },
        {
            "name": "firebase/php-jwt",
            "version": "v5.5.1",
            "source": {
                "type": "git",
                "url": "https://github.com/firebase/php-jwt.git",
                "reference": "83b609028194aa042ea33b5af2d41a7427de80e6"
            },
            "dist": {
                "type": "zip",
                "url": "https://api.github.com/repos/firebase/php-jwt/zipball/83b609028194aa042ea33b5af2d41a7427de80e6",
                "reference": "83b609028194aa042ea33b5af2d41a7427de80e6",
                "shasum": ""
            },
            "require": {
                "php": ">=5.3.0"
            },
            "require-dev": {
                "phpunit/phpunit": ">=4.8 <=9"
            },
            "suggest": {
                "paragonie/sodium_compat": "Support EdDSA (Ed25519) signatures when libsodium is not present"
            },
            "type": "library",
            "autoload": {
                "psr-4": {
                    "Firebase\\JWT\\": "src"
                }
            },
            "notification-url": "https://packagist.org/downloads/",
            "license": [
                "BSD-3-Clause"
            ],
            "authors": [
                {
                    "name": "Neuman Vong",
                    "email": "neuman+pear@twilio.com",
                    "role": "Developer"
                },
                {
                    "name": "Anant Narayanan",
                    "email": "anant@php.net",
                    "role": "Developer"
                }
            ],
            "description": "A simple library to encode and decode JSON Web Tokens (JWT) in PHP. Should conform to the current spec.",
            "homepage": "https://github.com/firebase/php-jwt",
            "keywords": [
                "jwt",
                "php"
            ],
            "support": {
                "issues": "https://github.com/firebase/php-jwt/issues",
                "source": "https://github.com/firebase/php-jwt/tree/v5.5.1"
            },
            "time": "2021-11-08T20:18:51+00:00"
        },
        {
            "name": "linecorp/line-bot-sdk",
            "version": "3.6.0",
            "source": {
                "type": "git",
                "url": "https://github.com/line/line-bot-sdk-php.git",
                "reference": "e1515090eaf2106efdbdf51b1a6adf812844f54f"
            },
            "dist": {
                "type": "zip",
                "url": "https://api.github.com/repos/line/line-bot-sdk-php/zipball/e1515090eaf2106efdbdf51b1a6adf812844f54f",
                "reference": "e1515090eaf2106efdbdf51b1a6adf812844f54f",
                "shasum": ""
            },
            "require": {
                "ext-curl": "*",
                "ext-json": "*",
                "php": ">=5.5"
            },
            "require-dev": {
                "indigophp/hash-compat": "~1.1.0",
                "phpmd/phpmd": "~2.4",
                "phpunit/phpunit": "^4.8.24||^5||^6",
                "squizlabs/php_codesniffer": "~2.6||^3",
                "symfony/config": "^3.3",
                "symfony/dependency-injection": "^3.3"
            },
            "suggest": {
                "apigen/apigen": "Install with roave/better-reflection:dev-master to generate docs",
                "roave/better-reflection": "Required by apigen/apigen:dev-master"
            },
            "type": "library",
            "autoload": {
                "psr-4": {
                    "LINE\\": "src/"
                }
            },
            "notification-url": "https://packagist.org/downloads/",
            "license": [
                "Apache-2.0"
            ],
            "authors": [
                {
                    "name": "moznion",
                    "email": "moznion@gmail.com",
                    "role": "Retired"
                },
                {
                    "name": "Satoru Yoshihara",
                    "email": "vaduz0@gmail.com",
                    "role": "Maintainer"
                },
                {
                    "name": "Satoshi Shibuya",
                    "email": "satosby@gmail.com",
                    "role": "Maintainer"
                }
            ],
            "description": "SDK of the LINE BOT API for PHP",
            "homepage": "https://github.com/line/line-bot-sdk-php",
            "keywords": [
                "bot",
                "line",
                "sdk"
            ],
            "support": {
                "issues": "https://github.com/line/line-bot-sdk-php/issues",
                "source": "https://github.com/line/line-bot-sdk-php/tree/3.6.0"
            },
            "time": "2018-10-26T03:59:54+00:00"
        }
    ],
    "packages-dev": [],
    "aliases": [],
    "minimum-stability": "stable",
    "stability-flags": [],
    "prefer-stable": false,
    "prefer-lowest": false,
    "platform": [],
    "platform-dev": [],
    "plugin-api-version": "2.3.0"
}
